// !$*UTF8*$!
{
	archiveVersion = 1;
	classes = {
	};
	objectVersion = 50;
	objects = {

/* Begin PBXBuildFile section */
		00FAED1A90188A3E8004FB89 /* Pods_ModuleTools.framework in Frameworks */ = {isa = PBXBuildFile; fileRef = C6DE76A721F1581D6B6D1EB6 /* Pods_ModuleTools.framework */; };
		DB8A3070247279570035FAAE /* AppDelegate.m in Sources */ = {isa = PBXBuildFile; fileRef = DB8A306F247279570035FAAE /* AppDelegate.m */; };
		DB8A3073247279570035FAAE /* SceneDelegate.m in Sources */ = {isa = PBXBuildFile; fileRef = DB8A3072247279570035FAAE /* SceneDelegate.m */; };
		DB8A3076247279570035FAAE /* ViewController.m in Sources */ = {isa = PBXBuildFile; fileRef = DB8A3075247279570035FAAE /* ViewController.m */; };
		DB8A3079247279570035FAAE /* Main.storyboard in Resources */ = {isa = PBXBuildFile; fileRef = DB8A3077247279570035FAAE /* Main.storyboard */; };
		DB8A307B2472796C0035FAAE /* Assets.xcassets in Resources */ = {isa = PBXBuildFile; fileRef = DB8A307A2472796C0035FAAE /* Assets.xcassets */; };
		DB8A307E2472796C0035FAAE /* LaunchScreen.storyboard in Resources */ = {isa = PBXBuildFile; fileRef = DB8A307C2472796C0035FAAE /* LaunchScreen.storyboard */; };
		DB8A30812472796C0035FAAE /* main.m in Sources */ = {isa = PBXBuildFile; fileRef = DB8A30802472796C0035FAAE /* main.m */; };
/* End PBXBuildFile section */

/* Begin PBXFileReference section */
		AC27E6A2842A6F78D4560913 /* Pods-ModuleTools.release.xcconfig */ = {isa = PBXFileReference; includeInIndex = 1; lastKnownFileType = text.xcconfig; name = "Pods-ModuleTools.release.xcconfig"; path = "Target Support Files/Pods-ModuleTools/Pods-ModuleTools.release.xcconfig"; sourceTree = "<group>"; };
		C6DE76A721F1581D6B6D1EB6 /* Pods_ModuleTools.framework */ = {isa = PBXFileReference; explicitFileType = wrapper.framework; includeInIndex = 0; path = Pods_ModuleTools.framework; sourceTree = BUILT_PRODUCTS_DIR; };
		DB8A306B247279570035FAAE /* ModuleTools.app */ = {isa = PBXFileReference; explicitFileType = wrapper.application; includeInIndex = 0; path = ModuleTools.app; sourceTree = BUILT_PRODUCTS_DIR; };
		DB8A306E247279570035FAAE /* AppDelegate.h */ = {isa = PBXFileReference; lastKnownFileType = sourcecode.c.h; path = AppDelegate.h; sourceTree = "<group>"; };
		DB8A306F247279570035FAAE /* AppDelegate.m */ = {isa = PBXFileReference; lastKnownFileType = sourcecode.c.objc; path = AppDelegate.m; sourceTree = "<group>"; };
		DB8A3071247279570035FAAE /* SceneDelegate.h */ = {isa = PBXFileReference; lastKnownFileType = sourcecode.c.h; path = SceneDelegate.h; sourceTree = "<group>"; };
		DB8A3072247279570035FAAE /* SceneDelegate.m */ = {isa = PBXFileReference; lastKnownFileType = sourcecode.c.objc; path = SceneDelegate.m; sourceTree = "<group>"; };
		DB8A3074247279570035FAAE /* ViewController.h */ = {isa = PBXFileReference; lastKnownFileType = sourcecode.c.h; path = ViewController.h; sourceTree = "<group>"; };
		DB8A3075247279570035FAAE /* ViewController.m */ = {isa = PBXFileReference; lastKnownFileType = sourcecode.c.objc; path = ViewController.m; sourceTree = "<group>"; };
		DB8A3078247279570035FAAE /* Base */ = {isa = PBXFileReference; lastKnownFileType = file.storyboard; name = Base; path = Base.lproj/Main.storyboard; sourceTree = "<group>"; };
		DB8A307A2472796C0035FAAE /* Assets.xcassets */ = {isa = PBXFileReference; lastKnownFileType = folder.assetcatalog; path = Assets.xcassets; sourceTree = "<group>"; };
		DB8A307D2472796C0035FAAE /* Base */ = {isa = PBXFileReference; lastKnownFileType = file.storyboard; name = Base; path = Base.lproj/LaunchScreen.storyboard; sourceTree = "<group>"; };
		DB8A307F2472796C0035FAAE /* Info.plist */ = {isa = PBXFileReference; lastKnownFileType = text.plist.xml; path = Info.plist; sourceTree = "<group>"; };
		DB8A30802472796C0035FAAE /* main.m */ = {isa = PBXFileReference; lastKnownFileType = sourcecode.c.objc; path = main.m; sourceTree = "<group>"; };
		F1AD4A9C31D9CECCDCED212A /* Pods-ModuleTools.debug.xcconfig */ = {isa = PBXFileReference; includeInIndex = 1; lastKnownFileType = text.xcconfig; name = "Pods-ModuleTools.debug.xcconfig"; path = "Target Support Files/Pods-ModuleTools/Pods-ModuleTools.debug.xcconfig"; sourceTree = "<group>"; };
/* End PBXFileReference section */

/* Begin PBXFrameworksBuildPhase section */
		DB8A3068247279570035FAAE /* Frameworks */ = {
			isa = PBXFrameworksBuildPhase;
			buildActionMask = 2147483647;
			files = (
				00FAED1A90188A3E8004FB89 /* Pods_ModuleTools.framework in Frameworks */,
			);
			runOnlyForDeploymentPostprocessing = 0;
		};
/* End PBXFrameworksBuildPhase section */

/* Begin PBXGroup section */
		1376140AD93C761C8458B54A /* Pods */ = {
			isa = PBXGroup;
			children = (
				F1AD4A9C31D9CECCDCED212A /* Pods-ModuleTools.debug.xcconfig */,
				AC27E6A2842A6F78D4560913 /* Pods-ModuleTools.release.xcconfig */,
			);
			name = Pods;
			path = Pods;
			sourceTree = "<group>";
		};
		73DB7D8BC4BE0B1BE1BEADE2 /* Frameworks */ = {
			isa = PBXGroup;
			children = (
				C6DE76A721F1581D6B6D1EB6 /* Pods_ModuleTools.framework */,
			);
			name = Frameworks;
			sourceTree = "<group>";
		};
		DB8A3062247279570035FAAE = {
			isa = PBXGroup;
			children = (
				DB8A306D247279570035FAAE /* ModuleTools */,
				DB8A306C247279570035FAAE /* Products */,
				1376140AD93C761C8458B54A /* Pods */,
				73DB7D8BC4BE0B1BE1BEADE2 /* Frameworks */,
			);
			sourceTree = "<group>";
		};
		DB8A306C247279570035FAAE /* Products */ = {
			isa = PBXGroup;
			children = (
				DB8A306B247279570035FAAE /* ModuleTools.app */,
			);
			name = Products;
			sourceTree = "<group>";
		};
		DB8A306D247279570035FAAE /* ModuleTools */ = {
			isa = PBXGroup;
			children = (
				DB8A306E247279570035FAAE /* AppDelegate.h */,
				DB8A306F247279570035FAAE /* AppDelegate.m */,
				DB8A3071247279570035FAAE /* SceneDelegate.h */,
				DB8A3072247279570035FAAE /* SceneDelegate.m */,
				DB8A3074247279570035FAAE /* ViewController.h */,
				DB8A3075247279570035FAAE /* ViewController.m */,
				DB8A3077247279570035FAAE /* Main.storyboard */,
				DB8A307A2472796C0035FAAE /* Assets.xcassets */,
				DB8A307C2472796C0035FAAE /* LaunchScreen.storyboard */,
				DB8A307F2472796C0035FAAE /* Info.plist */,
				DB8A30802472796C0035FAAE /* main.m */,
			);
			path = ModuleTools;
			sourceTree = "<group>";
		};
/* End PBXGroup section */

/* Begin PBXNativeTarget section */
		DB8A306A247279570035FAAE /* ModuleTools */ = {
			isa = PBXNativeTarget;
			buildConfigurationList = DB8A30842472796C0035FAAE /* Build configuration list for PBXNativeTarget "ModuleTools" */;
			buildPhases = (
				E68148EAB91F670071B3BE13 /* [CP] Check Pods Manifest.lock */,
				DB8A3067247279570035FAAE /* Sources */,
				DB8A3068247279570035FAAE /* Frameworks */,
				DB8A3069247279570035FAAE /* Resources */,
				C760E0D0B6EB5DA7C6750005 /* [CP] Embed Pods Frameworks */,
			);
			buildRules = (
			);
			dependencies = (
			);
			name = ModuleTools;
			productName = ModuleTools;
			productReference = DB8A306B247279570035FAAE /* ModuleTools.app */;
			productType = "com.apple.product-type.application";
		};
/* End PBXNativeTarget section */

/* Begin PBXProject section */
		DB8A3063247279570035FAAE /* Project object */ = {
			isa = PBXProject;
			attributes = {
				LastUpgradeCheck = 1140;
				ORGANIZATIONNAME = JN;
				TargetAttributes = {
					DB8A306A247279570035FAAE = {
						CreatedOnToolsVersion = 11.4.1;
					};
				};
			};
			buildConfigurationList = DB8A3066247279570035FAAE /* Build configuration list for PBXProject "ModuleTools" */;
			compatibilityVersion = "Xcode 9.3";
			developmentRegion = en;
			hasScannedForEncodings = 0;
			knownRegions = (
				en,
				Base,
			);
			mainGroup = DB8A3062247279570035FAAE;
			productRefGroup = DB8A306C247279570035FAAE /* Products */;
			projectDirPath = "";
			projectRoot = "";
			targets = (
				DB8A306A247279570035FAAE /* ModuleTools */,
			);
		};
/* End PBXProject section */

/* Begin PBXResourcesBuildPhase section */
		DB8A3069247279570035FAAE /* Resources */ = {
			isa = PBXResourcesBuildPhase;
			buildActionMask = 2147483647;
			files = (
				DB8A307E2472796C0035FAAE /* LaunchScreen.storyboard in Resources */,
				DB8A307B2472796C0035FAAE /* Assets.xcassets in Resources */,
				DB8A3079247279570035FAAE /* Main.storyboard in Resources */,
			);
			runOnlyForDeploymentPostprocessing = 0;
		};
/* End PBXResourcesBuildPhase section */

/* Begin PBXShellScriptBuildPhase section */
		C760E0D0B6EB5DA7C6750005 /* [CP] Embed Pods Frameworks */ = {
			isa = PBXShellScriptBuildPhase;
			buildActionMask = 2147483647;
			files = (
			);
			inputFileListPaths = (
				"${PODS_ROOT}/Target Support Files/Pods-ModuleTools/Pods-ModuleTools-frameworks-${CONFIGURATION}-input-files.xcfilelist",
			);
			name = "[CP] Embed Pods Frameworks";
			outputFileListPaths = (
				"${PODS_ROOT}/Target Support Files/Pods-ModuleTools/Pods-ModuleTools-frameworks-${CONFIGURATION}-output-files.xcfilelist",
			);
			runOnlyForDeploymentPostprocessing = 0;
			shellPath = /bin/sh;
			shellScript = "\"${PODS_ROOT}/Target Support Files/Pods-ModuleTools/Pods-ModuleTools-frameworks.sh\"\n";
			showEnvVarsInLog = 0;
		};
		E68148EAB91F670071B3BE13 /* [CP] Check Pods Manifest.lock */ = {
			isa = PBXShellScriptBuildPhase;
			buildActionMask = 2147483647;
			files = (
			);
			inputFileListPaths = (
			);
			inputPaths = (
				"${PODS_PODFILE_DIR_PATH}/Podfile.lock",
				"${PODS_ROOT}/Manifest.lock",
			);
			name = "[CP] Check Pods Manifest.lock";
			outputFileListPaths = (
			);
			outputPaths = (
				"$(DERIVED_FILE_DIR)/Pods-ModuleTools-checkManifestLockResult.txt",
			);
			runOnlyForDeploymentPostprocessing = 0;
			shellPath = /bin/sh;
			shellScript = "diff \"${PODS_PODFILE_DIR_PATH}/Podfile.lock\" \"${PODS_ROOT}/Manifest.lock\" > /dev/null\nif [ $? != 0 ] ; then\n    # print error to STDERR\n    echo \"error: The sandbox is not in sync with the Podfile.lock. Run 'pod install' or update your CocoaPods installation.\" >&2\n    exit 1\nfi\n# This output is used by Xcode 'outputs' to avoid re-running this script phase.\necho \"SUCCESS\" > \"${SCRIPT_OUTPUT_FILE_0}\"\n";
			showEnvVarsInLog = 0;
		};
/* End PBXShellScriptBuildPhase section */

/* Begin PBXSourcesBuildPhase section */
		DB8A3067247279570035FAAE /* Sources */ = {
			isa = PBXSourcesBuildPhase;
			buildActionMask = 2147483647;
			files = (
				DB8A3076247279570035FAAE /* ViewController.m in Sources */,
				DB8A3070247279570035FAAE /* AppDelegate.m in Sources */,
				DB8A30812472796C0035FAAE /* main.m in Sources */,
				DB8A3073247279570035FAAE /* SceneDelegate.m in Sources */,
			);
			runOnlyForDeploymentPostprocessing = 0;
		};
/* End PBXSourcesBuildPhase section */

/* Begin PBXVariantGroup section */
		DB8A3077247279570035FAAE /* Main.storyboard */ = {
			isa = PBXVariantGroup;
			children = (
				DB8A3078247279570035FAAE /* Base */,
			);
			name = Main.storyboard;
			sourceTree = "<group>";
		};
		DB8A307C2472796C0035FAAE /* LaunchScreen.storyboard */ = {
			isa = PBXVariantGroup;
			children = (
				DB8A307D2472796C0035FAAE /* Base */,
			);
			name = LaunchScreen.storyboard;
			sourceTree = "<group>";
		};
/* End PBXVariantGroup section */

/* Begin XCBuildConfiguration section */
		DB8A30822472796C0035FAAE /* Debug */ = {
			isa = XCBuildConfiguration;
			buildSettings = {
				ALWAYS_SEARCH_USER_PATHS = NO;
				CLANG_ANALYZER_NONNULL = YES;
				CLANG_ANALYZER_NUMBER_OBJECT_CONVERSION = YES_AGGRESSIVE;
				CLANG_CXX_LANGUAGE_STANDARD = "gnu++14";
				CLANG_CXX_LIBRARY = "libc++";
				CLANG_ENABLE_MODULES = YES;
				CLANG_ENABLE_OBJC_ARC = YES;
				CLANG_ENABLE_OBJC_WEAK = YES;
				CLANG_WARN_BLOCK_CAPTURE_AUTORELEASING = YES;
				CLANG_WARN_BOOL_CONVERSION = YES;
				CLANG_WARN_COMMA = YES;
				CLANG_WARN_CONSTANT_CONVERSION = YES;
				CLANG_WARN_DEPRECATED_OBJC_IMPLEMENTATIONS = YES;
				CLANG_WARN_DIRECT_OBJC_ISA_USAGE = YES_ERROR;
				CLANG_WARN_DOCUMENTATION_COMMENTS = YES;
				CLANG_WARN_EMPTY_BODY = YES;
				CLANG_WARN_ENUM_CONVERSION = YES;
				CLANG_WARN_INFINITE_RECURSION = YES;
				CLANG_WARN_INT_CONVERSION = YES;
				CLANG_WARN_NON_LITERAL_NULL_CONVERSION = YES;
				CLANG_WARN_OBJC_IMPLICIT_RETAIN_SELF = YES;
				CLANG_WARN_OBJC_LITERAL_CONVERSION = YES;
				CLANG_WARN_OBJC_ROOT_CLASS = YES_ERROR;
				CLANG_WARN_RANGE_LOOP_ANALYSIS = YES;
				CLANG_WARN_STRICT_PROTOTYPES = YES;
				CLANG_WARN_SUSPICIOUS_MOVE = YES;
				CLANG_WARN_UNGUARDED_AVAILABILITY = YES_AGGRESSIVE;
				CLANG_WARN_UNREACHABLE_CODE = YES;
				CLANG_WARN__DUPLICATE_METHOD_MATCH = YES;
				COPY_PHASE_STRIP = NO;
				DEBUG_INFORMATION_FORMAT = dwarf;
				ENABLE_STRICT_OBJC_MSGSEND = YES;
				ENABLE_TESTABILITY = YES;
				GCC_C_LANGUAGE_STANDARD = gnu11;
				GCC_DYNAMIC_NO_PIC = NO;
				GCC_NO_COMMON_BLOCKS = YES;
				GCC_OPTIMIZATION_LEVEL = 0;
				GCC_PREPROCESSOR_DEFINITIONS = (
					"DEBUG=1",
					"$(inherited)",
				);
				GCC_WARN_64_TO_32_BIT_CONVERSION = YES;
				GCC_WARN_ABOUT_RETURN_TYPE = YES_ERROR;
				GCC_WARN_UNDECLARED_SELECTOR = YES;
				GCC_WARN_UNINITIALIZED_AUTOS = YES_AGGRESSIVE;
				GCC_WARN_UNUSED_FUNCTION = YES;
				GCC_WARN_UNUSED_VARIABLE = YES;
				IPHONEOS_DEPLOYMENT_TARGET = 13.4;
				MTL_ENABLE_DEBUG_INFO = INCLUDE_SOURCE;
				MTL_FAST_MATH = YES;
				ONLY_ACTIVE_ARCH = YES;
				SDKROOT = iphoneos;
			};
			name = Debug;
		};
		DB8A30832472796C0035FAAE /* Release */ = {
			isa = XCBuildConfiguration;
			buildSettings = {
				ALWAYS_SEARCH_USER_PATHS = NO;
				CLANG_ANALYZER_NONNULL = YES;
				CLANG_ANALYZER_NUMBER_OBJECT_CONVERSION = YES_AGGRESSIVE;
				CLANG_CXX_LANGUAGE_STANDARD = "gnu++14";
				CLANG_CXX_LIBRARY = "libc++";
				CLANG_ENABLE_MODULES = YES;
				CLANG_ENABLE_OBJC_ARC = YES;
				CLANG_ENABLE_OBJC_WEAK = YES;
				CLANG_WARN_BLOCK_CAPTURE_AUTORELEASING = YES;
				CLANG_WARN_BOOL_CONVERSION = YES;
				CLANG_WARN_COMMA = YES;
				CLANG_WARN_CONSTANT_CONVERSION = YES;
				CLANG_WARN_DEPRECATED_OBJC_IMPLEMENTATIONS = YES;
				CLANG_WARN_DIRECT_OBJC_ISA_USAGE = YES_ERROR;
				CLANG_WARN_DOCUMENTATION_COMMENTS = YES;
				CLANG_WARN_EMPTY_BODY = YES;
				CLANG_WARN_ENUM_CONVERSION = YES;
				CLANG_WARN_INFINITE_RECURSION = YES;
				CLANG_WARN_INT_CONVERSION = YES;
				CLANG_WARN_NON_LITERAL_NULL_CONVERSION = YES;
				CLANG_WARN_OBJC_IMPLICIT_RETAIN_SELF = YES;
				CLANG_WARN_OBJC_LITERAL_CONVERSION = YES;
				CLANG_WARN_OBJC_ROOT_CLASS = YES_ERROR;
				CLANG_WARN_RANGE_LOOP_ANALYSIS = YES;
				CLANG_WARN_STRICT_PROTOTYPES = YES;
				CLANG_WARN_SUSPICIOUS_MOVE = YES;
				CLANG_WARN_UNGUARDED_AVAILABILITY = YES_AGGRESSIVE;
				CLANG_WARN_UNREACHABLE_CODE = YES;
				CLANG_WARN__DUPLICATE_METHOD_MATCH = YES;
				COPY_PHASE_STRIP = NO;
				DEBUG_INFORMATION_FORMAT = "dwarf-with-dsym";
				ENABLE_NS_ASSERTIONS = NO;
				ENABLE_STRICT_OBJC_MSGSEND = YES;
				GCC_C_LANGUAGE_STANDARD = gnu11;
				GCC_NO_COMMON_BLOCKS = YES;
				GCC_WARN_64_TO_32_BIT_CONVERSION = YES;
				GCC_WARN_ABOUT_RETURN_TYPE = YES_ERROR;
				GCC_WARN_UNDECLARED_SELECTOR = YES;
				GCC_WARN_UNINITIALIZED_AUTOS = YES_AGGRESSIVE;
				GCC_WARN_UNUSED_FUNCTION = YES;
				GCC_WARN_UNUSED_VARIABLE = YES;
				IPHONEOS_DEPLOYMENT_TARGET = 13.4;
				MTL_ENABLE_DEBUG_INFO = NO;
				MTL_FAST_MATH = YES;
				SDKROOT = iphoneos;
				VALIDATE_PRODUCT = YES;
			};
			name = Release;
		};
		DB8A30852472796C0035FAAE /* Debug */ = {
			isa = XCBuildConfiguration;
			baseConfigurationReference = F1AD4A9C31D9CECCDCED212A /* Pods-ModuleTools.debug.xcconfig */;
			buildSettings = {
				ASSETCATALOG_COMPILER_APPICON_NAME = AppIcon;
				CODE_SIGN_STYLE = Automatic;
				DEVELOPMENT_TEAM = 943MGX7AXZ;
				INFOPLIST_FILE = ModuleTools/Info.plist;
				LD_RUNPATH_SEARCH_PATHS = (
					"$(inherited)",
					"@executable_path/Frameworks",
				);
				PRODUCT_BUNDLE_IDENTIFIER = JN.ModuleTools;
				PRODUCT_NAME = "$(TARGET_NAME)";
				TARGETED_DEVICE_FAMILY = "1,2";
			};
			name = Debug;
		};
		DB8A30862472796C0035FAAE /* Release */ = {
			isa = XCBuildConfiguration;
			baseConfigurationReference = AC27E6A2842A6F78D4560913 /* Pods-ModuleTools.release.xcconfig */;
			buildSettings = {
				ASSETCATALOG_COMPILER_APPICON_NAME = AppIcon;
				CODE_SIGN_STYLE = Automatic;
				DEVELOPMENT_TEAM = 943MGX7AXZ;
				INFOPLIST_FILE = ModuleTools/Info.plist;
				LD_RUNPATH_SEARCH_PATHS = (
					"$(inherited)",
					"@executable_path/Frameworks",
				);
				PRODUCT_BUNDLE_IDENTIFIER = JN.ModuleTools;
				PRODUCT_NAME = "$(TARGET_NAME)";
				TARGETED_DEVICE_FAMILY = "1,2";
			};
			name = Release;
		};
/* End XCBuildConfiguration section */

/* Begin XCConfigurationList section */
		DB8A3066247279570035FAAE /* Build configuration list for PBXProject "ModuleTools" */ = {
			isa = XCConfigurationList;
			buildConfigurations = (
				DB8A30822472796C0035FAAE /* Debug */,
				DB8A30832472796C0035FAAE /* Release */,
			);
			defaultConfigurationIsVisible = 0;
			defaultConfigurationName = Release;
		};
		DB8A30842472796C0035FAAE /* Build configuration list for PBXNativeTarget "ModuleTools" */ = {
			isa = XCConfigurationList;
			buildConfigurations = (
				DB8A30852472796C0035FAAE /* Debug */,
				DB8A30862472796C0035FAAE /* Release */,
			);
			defaultConfigurationIsVisible = 0;
			defaultConfigurationName = Release;
		};
/* End XCConfigurationList section */
	};
	rootObject = DB8A3063247279570035FAAE /* Project object */;
}
